# This file is automatically @generated by Cargo.
# It is not intended for manual editing.
[[package]]
name = "autocfg"
version = "1.0.0"
source = "registry+https://github.com/rust-lang/crates.io-index"

[[package]]
name = "english-numbers"
version = "0.3.3"
source = "registry+https://github.com/rust-lang/crates.io-index"

[[package]]
name = "num-integer"
version = "0.1.42"
source = "registry+https://github.com/rust-lang/crates.io-index"
dependencies = [
 "autocfg 1.0.0 (registry+https://github.com/rust-lang/crates.io-index)",
 "num-traits 0.2.11 (registry+https://github.com/rust-lang/crates.io-index)",
]

[[package]]
name = "num-traits"
version = "0.2.11"
source = "registry+https://github.com/rust-lang/crates.io-index"
dependencies = [
 "autocfg 1.0.0 (registry+https://github.com/rust-lang/crates.io-index)",
]

[[package]]
name = "ordinal"
version = "0.2.2"
source = "registry+https://github.com/rust-lang/crates.io-index"
dependencies = [
 "num-integer 0.1.42 (registry+https://github.com/rust-lang/crates.io-index)",
]

[[package]]
name = "twelve-days"
version = "0.1.0"
dependencies = [
 "english-numbers 0.3.3 (registry+https://github.com/rust-lang/crates.io-index)",
 "ordinal 0.2.2 (registry+https://github.com/rust-lang/crates.io-index)",
]

[metadata]
"checksum autocfg 1.0.0 (registry+https://github.com/rust-lang/crates.io-index)" = "f8aac770f1885fd7e387acedd76065302551364496e46b3dd00860b2f8359b9d"
"checksum english-numbers 0.3.3 (registry+https://github.com/rust-lang/crates.io-index)" = "4e4f5d6e192964d498b45abee72ca445e91909094bc8e8791259e82c2a0d1aa6"
"checksum num-integer 0.1.42 (registry+https://github.com/rust-lang/crates.io-index)" = "3f6ea62e9d81a77cd3ee9a2a5b9b609447857f3d358704331e4ef39eb247fcba"
"checksum num-traits 0.2.11 (registry+https://github.com/rust-lang/crates.io-index)" = "c62be47e61d1842b9170f0fdeec8eba98e60e90e5446449a0545e5152acd7096"
"checksum ordinal 0.2.2 (registry+https://github.com/rust-lang/crates.io-index)" = "8a7416e4cb21a9e0c8715a161c2e07b219e5c183931da66e96af76ccc0df35b3"
